
Microsoft Visual Studio Solution File, Format Version 12.00
# Visual Studio Version 16
VisualStudioVersion = 16.0.29306.81
MinimumVisualStudioVersion = 10.0.40219.1
Project("{FAE04EC0-301F-11D3-BF4B-00C04F79EFBC}") = "SecondStorm", "ClassLibrary1\SecondStorm.csproj", "{1080217B-6765-4B2C-91A8-335F20FC01F5}"
EndProject
Global
	GlobalSection(SolutionConfigurationPlatforms) = preSolution
		Debug|Any CPU = Debug|Any CPU
		Release|Any CPU = Release|Any CPU
	EndGlobalSection
	GlobalSection(ProjectConfigurationPlatforms) = postSolution
		{1080217B-6765-4B2C-91A8-335F20FC01F5}.Debug|Any CPU.ActiveCfg = Debug|Any CPU
		{1080217B-6765-4B2C-91A8-335F20FC01F5}.Debug|Any CPU.Build.0 = Debug|Any CPU
		{1080217B-6765-4B2C-91A8-335F20FC01F5}.Release|Any CPU.ActiveCfg = Release|Any CPU
		{1080217B-6765-4B2C-91A8-335F20FC01F5}.Release|Any CPU.Build.0 = Release|Any CPU
	EndGlobalSection
	GlobalSection(SolutionProperties) = preSolution
		HideSolutionNode = FALSE
	EndGlobalSection
	GlobalSection(ExtensibilityGlobals) = postSolution
		SolutionGuid = {977B7502-8CB0-4477-B443-C93DABF5AFD1}
	EndGlobalSection
EndGlobal
